
Microsoft Visual Studio Solution File, Format Version 12.00
# Visual Studio Version 17
VisualStudioVersion = 17.14.36518.9 d17.14
MinimumVisualStudioVersion = 10.0.40219.1
Project("{FAE04EC0-301F-11D3-BF4B-00C04F79EFBC}") = "HoNhatAnh_1150080002_lab2", "HoNhatAnh_1150080002_lab2.csproj", "{C97D6CB9-A430-4B8F-86EE-D85233C4A158}"
EndProject
Global
	GlobalSection(SolutionConfigurationPlatforms) = preSolution
		Debug|Any CPU = Debug|Any CPU
		Release|Any CPU = Release|Any CPU
	EndGlobalSection
	GlobalSection(ProjectConfigurationPlatforms) = postSolution
		{C97D6CB9-A430-4B8F-86EE-D85233C4A158}.Debug|Any CPU.ActiveCfg = Debug|Any CPU
		{C97D6CB9-A430-4B8F-86EE-D85233C4A158}.Debug|Any CPU.Build.0 = Debug|Any CPU
		{C97D6CB9-A430-4B8F-86EE-D85233C4A158}.Release|Any CPU.ActiveCfg = Release|Any CPU
		{C97D6CB9-A430-4B8F-86EE-D85233C4A158}.Release|Any CPU.Build.0 = Release|Any CPU
	EndGlobalSection
	GlobalSection(SolutionProperties) = preSolution
		HideSolutionNode = FALSE
	EndGlobalSection
	GlobalSection(ExtensibilityGlobals) = postSolution
		SolutionGuid = {D5F3C380-5F3C-4BED-AD86-5704DE7DC972}
	EndGlobalSection
EndGlobal
